
Microsoft Visual Studio Solution File, Format Version 12.00
# Visual Studio 2013
VisualStudioVersion = 12.0.30501.0
MinimumVisualStudioVersion = 10.0.40219.1
Project("{FAE04EC0-301F-11D3-BF4B-00C04F79EFBC}") = "Client", "Client\Client.csproj", "{80B6FD9B-D19A-404E-A16B-AE1FC9B068E4}"
	ProjectSection(ProjectDependencies) = postProject
		{B6C0CA09-5C1C-4C46-B3B8-91D315199C40} = {B6C0CA09-5C1C-4C46-B3B8-91D315199C40}
		{053A7E61-8B44-4AE8-87AD-5E72E80F0146} = {053A7E61-8B44-4AE8-87AD-5E72E80F0146}
	EndProjectSection
EndProject
Project("{FAE04EC0-301F-11D3-BF4B-00C04F79EFBC}") = "Services", "Services\Services.csproj", "{B6C0CA09-5C1C-4C46-B3B8-91D315199C40}"
	ProjectSection(ProjectDependencies) = postProject
		{B48D3513-9AA7-44E7-A056-6DE026207A09} = {B48D3513-9AA7-44E7-A056-6DE026207A09}
		{053A7E61-8B44-4AE8-87AD-5E72E80F0146} = {053A7E61-8B44-4AE8-87AD-5E72E80F0146}
	EndProjectSection
EndProject
Project("{FAE04EC0-301F-11D3-BF4B-00C04F79EFBC}") = "Model", "Model\Model.csproj", "{053A7E61-8B44-4AE8-87AD-5E72E80F0146}"
EndProject
Project("{FAE04EC0-301F-11D3-BF4B-00C04F79EFBC}") = "Plug-Host", "Plug-Host\Plug-Host.csproj", "{B48D3513-9AA7-44E7-A056-6DE026207A09}"
EndProject
Project("{FAE04EC0-301F-11D3-BF4B-00C04F79EFBC}") = "Test", "Test\Test.csproj", "{C8457F9A-CD0F-4A60-BA0D-AF46D0BFCA86}"
	ProjectSection(ProjectDependencies) = postProject
		{B6C0CA09-5C1C-4C46-B3B8-91D315199C40} = {B6C0CA09-5C1C-4C46-B3B8-91D315199C40}
		{B48D3513-9AA7-44E7-A056-6DE026207A09} = {B48D3513-9AA7-44E7-A056-6DE026207A09}
		{053A7E61-8B44-4AE8-87AD-5E72E80F0146} = {053A7E61-8B44-4AE8-87AD-5E72E80F0146}
		{80B6FD9B-D19A-404E-A16B-AE1FC9B068E4} = {80B6FD9B-D19A-404E-A16B-AE1FC9B068E4}
	EndProjectSection
EndProject
Project("{2150E333-8FDC-42A3-9474-1A3956D46DE8}") = "Solution Items", "Solution Items", "{8C9E4761-79BD-4EF5-B9FC-46906297D989}"
	ProjectSection(SolutionItems) = preProject
		ToDoList.txt = ToDoList.txt
	EndProjectSection
EndProject
Project("{F088123C-0E9E-452A-89E6-6BA2F21D5CAC}") = "MCubemodeling", "MCubemodeling\MCubemodeling.modelproj", "{59146D83-53EF-484A-9A55-48B31077B6BF}"
EndProject
Global
	GlobalSection(SolutionConfigurationPlatforms) = preSolution
		Debug|Any CPU = Debug|Any CPU
		Release|Any CPU = Release|Any CPU
	EndGlobalSection
	GlobalSection(ProjectConfigurationPlatforms) = postSolution
		{80B6FD9B-D19A-404E-A16B-AE1FC9B068E4}.Debug|Any CPU.ActiveCfg = Debug|Any CPU
		{80B6FD9B-D19A-404E-A16B-AE1FC9B068E4}.Debug|Any CPU.Build.0 = Debug|Any CPU
		{80B6FD9B-D19A-404E-A16B-AE1FC9B068E4}.Release|Any CPU.ActiveCfg = Release|Any CPU
		{80B6FD9B-D19A-404E-A16B-AE1FC9B068E4}.Release|Any CPU.Build.0 = Release|Any CPU
		{B6C0CA09-5C1C-4C46-B3B8-91D315199C40}.Debug|Any CPU.ActiveCfg = Debug|Any CPU
		{B6C0CA09-5C1C-4C46-B3B8-91D315199C40}.Debug|Any CPU.Build.0 = Debug|Any CPU
		{B6C0CA09-5C1C-4C46-B3B8-91D315199C40}.Release|Any CPU.ActiveCfg = Release|Any CPU
		{B6C0CA09-5C1C-4C46-B3B8-91D315199C40}.Release|Any CPU.Build.0 = Release|Any CPU
		{053A7E61-8B44-4AE8-87AD-5E72E80F0146}.Debug|Any CPU.ActiveCfg = Debug|Any CPU
		{053A7E61-8B44-4AE8-87AD-5E72E80F0146}.Debug|Any CPU.Build.0 = Debug|Any CPU
		{053A7E61-8B44-4AE8-87AD-5E72E80F0146}.Release|Any CPU.ActiveCfg = Release|Any CPU
		{053A7E61-8B44-4AE8-87AD-5E72E80F0146}.Release|Any CPU.Build.0 = Release|Any CPU
		{B48D3513-9AA7-44E7-A056-6DE026207A09}.Debug|Any CPU.ActiveCfg = Debug|Any CPU
		{B48D3513-9AA7-44E7-A056-6DE026207A09}.Debug|Any CPU.Build.0 = Debug|Any CPU
		{B48D3513-9AA7-44E7-A056-6DE026207A09}.Release|Any CPU.ActiveCfg = Release|Any CPU
		{B48D3513-9AA7-44E7-A056-6DE026207A09}.Release|Any CPU.Build.0 = Release|Any CPU
		{C8457F9A-CD0F-4A60-BA0D-AF46D0BFCA86}.Debug|Any CPU.ActiveCfg = Debug|Any CPU
		{C8457F9A-CD0F-4A60-BA0D-AF46D0BFCA86}.Release|Any CPU.ActiveCfg = Release|Any CPU
		{C8457F9A-CD0F-4A60-BA0D-AF46D0BFCA86}.Release|Any CPU.Build.0 = Release|Any CPU
		{59146D83-53EF-484A-9A55-48B31077B6BF}.Debug|Any CPU.ActiveCfg = Debug|Any CPU
		{59146D83-53EF-484A-9A55-48B31077B6BF}.Debug|Any CPU.Build.0 = Debug|Any CPU
		{59146D83-53EF-484A-9A55-48B31077B6BF}.Release|Any CPU.ActiveCfg = Release|Any CPU
		{59146D83-53EF-484A-9A55-48B31077B6BF}.Release|Any CPU.Build.0 = Release|Any CPU
	EndGlobalSection
	GlobalSection(SolutionProperties) = preSolution
		HideSolutionNode = FALSE
	EndGlobalSection
EndGlobal
